// !$*UTF8*$!
{
	archiveVersion = 1;
	classes = {
	};
	objectVersion = 46;
	objects = {

/* Begin PBXBuildFile section */
		5E49C2361856A640008AC49A /* Example.m in Sources */ = {isa = PBXBuildFile; fileRef = 5E49C2341856A640008AC49A /* Example.m */; };
		5E49C2371856A640008AC49A /* Example.xib in Resources */ = {isa = PBXBuildFile; fileRef = 5E49C2351856A640008AC49A /* Example.xib */; };
		5E49C2421856AE08008AC49A /* colorBurn.png in Resources */ = {isa = PBXBuildFile; fileRef = 5E49C2381856AE08008AC49A /* colorBurn.png */; };
		5E49C2431856AE08008AC49A /* colorBurn.txt in Resources */ = {isa = PBXBuildFile; fileRef = 5E49C2391856AE08008AC49A /* colorBurn.txt */; };
		5E49C2441856AE08008AC49A /* colorControlSaturation.png in Resources */ = {isa = PBXBuildFile; fileRef = 5E49C23A1856AE08008AC49A /* colorControlSaturation.png */; };
		5E49C2451856AE08008AC49A /* colorControlSaturation.txt in Resources */ = {isa = PBXBuildFile; fileRef = 5E49C23B1856AE08008AC49A /* colorControlSaturation.txt */; };
		5E49C2461856AE08008AC49A /* colorInvert.png in Resources */ = {isa = PBXBuildFile; fileRef = 5E49C23C1856AE08008AC49A /* colorInvert.png */; };
		5E49C2471856AE08008AC49A /* colorInvert.txt in Resources */ = {isa = PBXBuildFile; fileRef = 5E49C23D1856AE08008AC49A /* colorInvert.txt */; };
		5E49C2481856AE08008AC49A /* colorMatrix.png in Resources */ = {isa = PBXBuildFile; fileRef = 5E49C23E1856AE08008AC49A /* colorMatrix.png */; };
		5E49C2491856AE08008AC49A /* colorMatrix.txt in Resources */ = {isa = PBXBuildFile; fileRef = 5E49C23F1856AE08008AC49A /* colorMatrix.txt */; };
		5E49C24A1856AE08008AC49A /* darkenBlend.png in Resources */ = {isa = PBXBuildFile; fileRef = 5E49C2401856AE08008AC49A /* darkenBlend.png */; };
		5E49C24B1856AE08008AC49A /* darkenBlend.txt in Resources */ = {isa = PBXBuildFile; fileRef = 5E49C2411856AE08008AC49A /* darkenBlend.txt */; };
		5E49C2761856BE75008AC49A /* differenceBlend.png in Resources */ = {isa = PBXBuildFile; fileRef = 5E49C24C1856BE74008AC49A /* differenceBlend.png */; };
		5E49C2771856BE75008AC49A /* differenceBlend.txt in Resources */ = {isa = PBXBuildFile; fileRef = 5E49C24D1856BE74008AC49A /* differenceBlend.txt */; };
		5E49C2781856BE75008AC49A /* exclusionBlend.png in Resources */ = {isa = PBXBuildFile; fileRef = 5E49C24E1856BE74008AC49A /* exclusionBlend.png */; };
		5E49C2791856BE75008AC49A /* exclusionBlend.txt in Resources */ = {isa = PBXBuildFile; fileRef = 5E49C24F1856BE74008AC49A /* exclusionBlend.txt */; };
		5E49C27A1856BE75008AC49A /* exposureAdjust.png in Resources */ = {isa = PBXBuildFile; fileRef = 5E49C2501856BE74008AC49A /* exposureAdjust.png */; };
		5E49C27B1856BE75008AC49A /* exposureAdjust.txt in Resources */ = {isa = PBXBuildFile; fileRef = 5E49C2511856BE74008AC49A /* exposureAdjust.txt */; };
		5E49C27C1856BE75008AC49A /* gammaAdjustment.png in Resources */ = {isa = PBXBuildFile; fileRef = 5E49C2521856BE74008AC49A /* gammaAdjustment.png */; };
		5E49C27D1856BE75008AC49A /* gammaAdjustment.txt in Resources */ = {isa = PBXBuildFile; fileRef = 5E49C2531856BE74008AC49A /* gammaAdjustment.txt */; };
		5E49C27E1856BE75008AC49A /* hardLightBlend.png in Resources */ = {isa = PBXBuildFile; fileRef = 5E49C2541856BE74008AC49A /* hardLightBlend.png */; };
		5E49C27F1856BE75008AC49A /* hardLightBlend.txt in Resources */ = {isa = PBXBuildFile; fileRef = 5E49C2551856BE74008AC49A /* hardLightBlend.txt */; };
		5E49C2801856BE75008AC49A /* highlightShadowAdjust.png in Resources */ = {isa = PBXBuildFile; fileRef = 5E49C2561856BE74008AC49A /* highlightShadowAdjust.png */; };
		5E49C2811856BE75008AC49A /* highlightShadowAdjust.txt in Resources */ = {isa = PBXBuildFile; fileRef = 5E49C2571856BE74008AC49A /* highlightShadowAdjust.txt */; };
		5E49C2821856BE75008AC49A /* hueAdjust.png in Resources */ = {isa = PBXBuildFile; fileRef = 5E49C2581856BE74008AC49A /* hueAdjust.png */; };
		5E49C2831856BE75008AC49A /* hueAdjust.txt in Resources */ = {isa = PBXBuildFile; fileRef = 5E49C2591856BE74008AC49A /* hueAdjust.txt */; };
		5E49C2841856BE75008AC49A /* hueBlend.png in Resources */ = {isa = PBXBuildFile; fileRef = 5E49C25A1856BE74008AC49A /* hueBlend.png */; };
		5E49C2851856BE75008AC49A /* hueBlend.txt in Resources */ = {isa = PBXBuildFile; fileRef = 5E49C25B1856BE74008AC49A /* hueBlend.txt */; };
		5E49C2861856BE75008AC49A /* lightenBlend.png in Resources */ = {isa = PBXBuildFile; fileRef = 5E49C25C1856BE74008AC49A /* lightenBlend.png */; };
		5E49C2871856BE75008AC49A /* lightenBlend.txt in Resources */ = {isa = PBXBuildFile; fileRef = 5E49C25D1856BE74008AC49A /* lightenBlend.txt */; };
		5E49C2881856BE75008AC49A /* luminosityBlend.png in Resources */ = {isa = PBXBuildFile; fileRef = 5E49C25E1856BE74008AC49A /* luminosityBlend.png */; };
		5E49C2891856BE75008AC49A /* luminosityBlend.txt in Resources */ = {isa = PBXBuildFile; fileRef = 5E49C25F1856BE74008AC49A /* luminosityBlend.txt */; };
		5E49C28A1856BE75008AC49A /* maximumComposite.png in Resources */ = {isa = PBXBuildFile; fileRef = 5E49C2601856BE74008AC49A /* maximumComposite.png */; };
		5E49C28B1856BE75008AC49A /* maximumComposite.txt in Resources */ = {isa = PBXBuildFile; fileRef = 5E49C2611856BE74008AC49A /* maximumComposite.txt */; };
		5E49C28C1856BE75008AC49A /* minimumComposite.png in Resources */ = {isa = PBXBuildFile; fileRef = 5E49C2621856BE74008AC49A /* minimumComposite.png */; };
		5E49C28D1856BE75008AC49A /* minimumComposite.txt in Resources */ = {isa = PBXBuildFile; fileRef = 5E49C2631856BE74008AC49A /* minimumComposite.txt */; };
		5E49C28E1856BE75008AC49A /* multiplyBlend.png in Resources */ = {isa = PBXBuildFile; fileRef = 5E49C2641856BE74008AC49A /* multiplyBlend.png */; };
		5E49C28F1856BE75008AC49A /* multiplyBlend.txt in Resources */ = {isa = PBXBuildFile; fileRef = 5E49C2651856BE74008AC49A /* multiplyBlend.txt */; };
		5E49C2901856BE75008AC49A /* multiplyComposite.png in Resources */ = {isa = PBXBuildFile; fileRef = 5E49C2661856BE74008AC49A /* multiplyComposite.png */; };
		5E49C2911856BE75008AC49A /* multiplyComposite.txt in Resources */ = {isa = PBXBuildFile; fileRef = 5E49C2671856BE74008AC49A /* multiplyComposite.txt */; };
		5E49C2921856BE75008AC49A /* overlayBlend.png in Resources */ = {isa = PBXBuildFile; fileRef = 5E49C2681856BE74008AC49A /* overlayBlend.png */; };
		5E49C2931856BE75008AC49A /* overlayBlend.txt in Resources */ = {isa = PBXBuildFile; fileRef = 5E49C2691856BE74008AC49A /* overlayBlend.txt */; };
		5E49C2941856BE75008AC49A /* saturationBlend.png in Resources */ = {isa = PBXBuildFile; fileRef = 5E49C26A1856BE74008AC49A /* saturationBlend.png */; };
		5E49C2951856BE75008AC49A /* saturationBlend.txt in Resources */ = {isa = PBXBuildFile; fileRef = 5E49C26B1856BE74008AC49A /* saturationBlend.txt */; };
		5E49C2961856BE75008AC49A /* screenBlend.png in Resources */ = {isa = PBXBuildFile; fileRef = 5E49C26C1856BE74008AC49A /* screenBlend.png */; };
		5E49C2971856BE75008AC49A /* screenBlend.txt in Resources */ = {isa = PBXBuildFile; fileRef = 5E49C26D1856BE74008AC49A /* screenBlend.txt */; };
		5E49C2981856BE75008AC49A /* sepiaTone.png in Resources */ = {isa = PBXBuildFile; fileRef = 5E49C26E1856BE74008AC49A /* sepiaTone.png */; };
		5E49C2991856BE75008AC49A /* sepiaTone.txt in Resources */ = {isa = PBXBuildFile; fileRef = 5E49C26F1856BE74008AC49A /* sepiaTone.txt */; };
		5E49C29A1856BE75008AC49A /* softLightBlend.png in Resources */ = {isa = PBXBuildFile; fileRef = 5E49C2701856BE74008AC49A /* softLightBlend.png */; };
		5E49C29B1856BE75008AC49A /* softLightBlend.txt in Resources */ = {isa = PBXBuildFile; fileRef = 5E49C2711856BE74008AC49A /* softLightBlend.txt */; };
		5E49C29C1856BE75008AC49A /* straighten.png in Resources */ = {isa = PBXBuildFile; fileRef = 5E49C2721856BE74008AC49A /* straighten.png */; };
		5E49C29D1856BE75008AC49A /* straighten.txt in Resources */ = {isa = PBXBuildFile; fileRef = 5E49C2731856BE74008AC49A /* straighten.txt */; };
		5E49C29E1856BE75008AC49A /* temperatureAndTint.png in Resources */ = {isa = PBXBuildFile; fileRef = 5E49C2741856BE74008AC49A /* temperatureAndTint.png */; };
		5E49C29F1856BE75008AC49A /* temperatureAndTint.txt in Resources */ = {isa = PBXBuildFile; fileRef = 5E49C2751856BE75008AC49A /* temperatureAndTint.txt */; };
		5E5DDEDD185666CD00F47581 /* Accelerate.framework in Frameworks */ = {isa = PBXBuildFile; fileRef = 5E5DDEDC185666CD00F47581 /* Accelerate.framework */; };
		5E5DDEDF185666CD00F47581 /* AVFoundation.framework in Frameworks */ = {isa = PBXBuildFile; fileRef = 5E5DDEDE185666CD00F47581 /* AVFoundation.framework */; };
		5E5DDEE1185666CD00F47581 /* CoreFoundation.framework in Frameworks */ = {isa = PBXBuildFile; fileRef = 5E5DDEE0185666CD00F47581 /* CoreFoundation.framework */; };
		5E5DDEE3185666CD00F47581 /* CoreGraphics.framework in Frameworks */ = {isa = PBXBuildFile; fileRef = 5E5DDEE2185666CD00F47581 /* CoreGraphics.framework */; };
		5E5DDEE5185666CD00F47581 /* CoreImage.framework in Frameworks */ = {isa = PBXBuildFile; fileRef = 5E5DDEE4185666CD00F47581 /* CoreImage.framework */; };
		5E5DDEE7185666CD00F47581 /* CoreMedia.framework in Frameworks */ = {isa = PBXBuildFile; fileRef = 5E5DDEE6185666CD00F47581 /* CoreMedia.framework */; };
		5E5DDEE9185666CD00F47581 /* CoreText.framework in Frameworks */ = {isa = PBXBuildFile; fileRef = 5E5DDEE8185666CD00F47581 /* CoreText.framework */; };
		5E5DDEEB185666CD00F47581 /* Foundation.framework in Frameworks */ = {isa = PBXBuildFile; fileRef = 5E5DDEEA185666CD00F47581 /* Foundation.framework */; };
		5E5DDEED185666CD00F47581 /* OpenGLES.framework in Frameworks */ = {isa = PBXBuildFile; fileRef = 5E5DDEEC185666CD00F47581 /* OpenGLES.framework */; };
		5E5DDEEF185666CD00F47581 /* QuartzCore.framework in Frameworks */ = {isa = PBXBuildFile; fileRef = 5E5DDEEE185666CD00F47581 /* QuartzCore.framework */; };
		5E5DDEF1185666CD00F47581 /* UIKit.framework in Frameworks */ = {isa = PBXBuildFile; fileRef = 5E5DDEF0185666CD00F47581 /* UIKit.framework */; };
		5E5DDEF7185666CD00F47581 /* InfoPlist.strings in Resources */ = {isa = PBXBuildFile; fileRef = 5E5DDEF5185666CD00F47581 /* InfoPlist.strings */; };
		5E5DDEF9185666CD00F47581 /* main.m in Sources */ = {isa = PBXBuildFile; fileRef = 5E5DDEF8185666CD00F47581 /* main.m */; };
		5E5DDEFD185666CD00F47581 /* Images.xcassets in Resources */ = {isa = PBXBuildFile; fileRef = 5E5DDEFC185666CD00F47581 /* Images.xcassets */; };
		5E5DDEFF185666CE00F47581 /* Media.xcassets in Resources */ = {isa = PBXBuildFile; fileRef = 5E5DDEFE185666CE00F47581 /* Media.xcassets */; };
		5E5DDF2E185666CF00F47581 /* C4AppDelegate.m in Sources */ = {isa = PBXBuildFile; fileRef = 5E5DDF2D185666CF00F47581 /* C4AppDelegate.m */; };
		5E5DDF34185666D000F47581 /* libC4.a in Frameworks */ = {isa = PBXBuildFile; fileRef = 5E5DDF33185666D000F47581 /* libC4.a */; };
		5E5DDF38185666D000F47581 /* Main.storyboard in Resources */ = {isa = PBXBuildFile; fileRef = 5E5DDF36185666D000F47581 /* Main.storyboard */; };
		5E5DDF3B185666D000F47581 /* C4WorkSpace.m in Sources */ = {isa = PBXBuildFile; fileRef = 5E5DDF3A185666D000F47581 /* C4WorkSpace.m */; };
		5E5DDF42185666D100F47581 /* XCTest.framework in Frameworks */ = {isa = PBXBuildFile; fileRef = 5E5DDF41185666D100F47581 /* XCTest.framework */; };
		5E5DDF43185666D100F47581 /* Foundation.framework in Frameworks */ = {isa = PBXBuildFile; fileRef = 5E5DDEEA185666CD00F47581 /* Foundation.framework */; };
		5E5DDF44185666D100F47581 /* UIKit.framework in Frameworks */ = {isa = PBXBuildFile; fileRef = 5E5DDEF0185666CD00F47581 /* UIKit.framework */; };
		5E5DDF4C185666D100F47581 /* InfoPlist.strings in Resources */ = {isa = PBXBuildFile; fileRef = 5E5DDF4A185666D100F47581 /* InfoPlist.strings */; };
		5E5DDF4E185666D100F47581 /* exampleApp_p1_Tests.m in Sources */ = {isa = PBXBuildFile; fileRef = 5E5DDF4D185666D100F47581 /* exampleApp_p1_Tests.m */; };
		5EF21CB21856824600C99D03 /* additionComposite.txt in Resources */ = {isa = PBXBuildFile; fileRef = 5EF21CB11856824600C99D03 /* additionComposite.txt */; };
		5EF21CB418568AAF00C99D03 /* additionComposite.png in Resources */ = {isa = PBXBuildFile; fileRef = 5EF21CB318568AAF00C99D03 /* additionComposite.png */; };
		5EF21CB718568BC500C99D03 /* imageFilterScrollView.m in Sources */ = {isa = PBXBuildFile; fileRef = 5EF21CB618568BC500C99D03 /* imageFilterScrollView.m */; };
		5EF21CBD1856900700C99D03 /* colorBlend.png in Resources */ = {isa = PBXBuildFile; fileRef = 5EF21CBB1856900700C99D03 /* colorBlend.png */; };
		5EF21CBE1856900700C99D03 /* colorBlend.txt in Resources */ = {isa = PBXBuildFile; fileRef = 5EF21CBC1856900700C99D03 /* colorBlend.txt */; };
/* End PBXBuildFile section */

/* Begin PBXContainerItemProxy section */
		5E5DDF45185666D100F47581 /* PBXContainerItemProxy */ = {
			isa = PBXContainerItemProxy;
			containerPortal = 5E5DDED1185666CD00F47581 /* Project object */;
			proxyType = 1;
			remoteGlobalIDString = 5E5DDED8185666CD00F47581;
			remoteInfo = "exampleApp(p1)";
		};
/* End PBXContainerItemProxy section */

/* Begin PBXFileReference section */
		5E49C2331856A640008AC49A /* Example.h */ = {isa = PBXFileReference; fileEncoding = 4; lastKnownFileType = sourcecode.c.h; path = Example.h; sourceTree = "<group>"; };
		5E49C2341856A640008AC49A /* Example.m */ = {isa = PBXFileReference; fileEncoding = 4; lastKnownFileType = sourcecode.c.objc; path = Example.m; sourceTree = "<group>"; };
		5E49C2351856A640008AC49A /* Example.xib */ = {isa = PBXFileReference; fileEncoding = 4; lastKnownFileType = file.xib; path = Example.xib; sourceTree = "<group>"; };
		5E49C2381856AE08008AC49A /* colorBurn.png */ = {isa = PBXFileReference; lastKnownFileType = image.png; name = colorBurn.png; path = Media/colorBurn.png; sourceTree = "<group>"; };
		5E49C2391856AE08008AC49A /* colorBurn.txt */ = {isa = PBXFileReference; fileEncoding = 4; lastKnownFileType = text; name = colorBurn.txt; path = Media/colorBurn.txt; sourceTree = "<group>"; };
		5E49C23A1856AE08008AC49A /* colorControlSaturation.png */ = {isa = PBXFileReference; lastKnownFileType = image.png; name = colorControlSaturation.png; path = Media/colorControlSaturation.png; sourceTree = "<group>"; };
		5E49C23B1856AE08008AC49A /* colorControlSaturation.txt */ = {isa = PBXFileReference; fileEncoding = 4; lastKnownFileType = text; name = colorControlSaturation.txt; path = Media/colorControlSaturation.txt; sourceTree = "<group>"; };
		5E49C23C1856AE08008AC49A /* colorInvert.png */ = {isa = PBXFileReference; lastKnownFileType = image.png; name = colorInvert.png; path = Media/colorInvert.png; sourceTree = "<group>"; };
		5E49C23D1856AE08008AC49A /* colorInvert.txt */ = {isa = PBXFileReference; fileEncoding = 4; lastKnownFileType = text; name = colorInvert.txt; path = Media/colorInvert.txt; sourceTree = "<group>"; };
		5E49C23E1856AE08008AC49A /* colorMatrix.png */ = {isa = PBXFileReference; lastKnownFileType = image.png; name = colorMatrix.png; path = Media/colorMatrix.png; sourceTree = "<group>"; };
		5E49C23F1856AE08008AC49A /* colorMatrix.txt */ = {isa = PBXFileReference; fileEncoding = 4; lastKnownFileType = text; name = colorMatrix.txt; path = Media/colorMatrix.txt; sourceTree = "<group>"; };
		5E49C2401856AE08008AC49A /* darkenBlend.png */ = {isa = PBXFileReference; lastKnownFileType = image.png; name = darkenBlend.png; path = Media/darkenBlend.png; sourceTree = "<group>"; };
		5E49C2411856AE08008AC49A /* darkenBlend.txt */ = {isa = PBXFileReference; fileEncoding = 4; lastKnownFileType = text; name = darkenBlend.txt; path = Media/darkenBlend.txt; sourceTree = "<group>"; };
		5E49C24C1856BE74008AC49A /* differenceBlend.png */ = {isa = PBXFileReference; lastKnownFileType = image.png; name = differenceBlend.png; path = Media/differenceBlend.png; sourceTree = "<group>"; };
		5E49C24D1856BE74008AC49A /* differenceBlend.txt */ = {isa = PBXFileReference; fileEncoding = 4; lastKnownFileType = text; name = differenceBlend.txt; path = Media/differenceBlend.txt; sourceTree = "<group>"; };
		5E49C24E1856BE74008AC49A /* exclusionBlend.png */ = {isa = PBXFileReference; lastKnownFileType = image.png; name = exclusionBlend.png; path = Media/exclusionBlend.png; sourceTree = "<group>"; };
		5E49C24F1856BE74008AC49A /* exclusionBlend.txt */ = {isa = PBXFileReference; fileEncoding = 4; lastKnownFileType = text; name = exclusionBlend.txt; path = Media/exclusionBlend.txt; sourceTree = "<group>"; };
		5E49C2501856BE74008AC49A /* exposureAdjust.png */ = {isa = PBXFileReference; lastKnownFileType = image.png; name = exposureAdjust.png; path = Media/exposureAdjust.png; sourceTree = "<group>"; };
		5E49C2511856BE74008AC49A /* exposureAdjust.txt */ = {isa = PBXFileReference; fileEncoding = 4; lastKnownFileType = text; name = exposureAdjust.txt; path = Media/exposureAdjust.txt; sourceTree = "<group>"; };
		5E49C2521856BE74008AC49A /* gammaAdjustment.png */ = {isa = PBXFileReference; lastKnownFileType = image.png; name = gammaAdjustment.png; path = Media/gammaAdjustment.png; sourceTree = "<group>"; };
		5E49C2531856BE74008AC49A /* gammaAdjustment.txt */ = {isa = PBXFileReference; fileEncoding = 4; lastKnownFileType = text; name = gammaAdjustment.txt; path = Media/gammaAdjustment.txt; sourceTree = "<group>"; };
		5E49C2541856BE74008AC49A /* hardLightBlend.png */ = {isa = PBXFileReference; lastKnownFileType = image.png; name = hardLightBlend.png; path = Media/hardLightBlend.png; sourceTree = "<group>"; };
		5E49C2551856BE74008AC49A /* hardLightBlend.txt */ = {isa = PBXFileReference; fileEncoding = 4; lastKnownFileType = text; name = hardLightBlend.txt; path = Media/hardLightBlend.txt; sourceTree = "<group>"; };
		5E49C2561856BE74008AC49A /* highlightShadowAdjust.png */ = {isa = PBXFileReference; lastKnownFileType = image.png; name = highlightShadowAdjust.png; path = Media/highlightShadowAdjust.png; sourceTree = "<group>"; };
		5E49C2571856BE74008AC49A /* highlightShadowAdjust.txt */ = {isa = PBXFileReference; fileEncoding = 4; lastKnownFileType = text; name = highlightShadowAdjust.txt; path = Media/highlightShadowAdjust.txt; sourceTree = "<group>"; };
		5E49C2581856BE74008AC49A /* hueAdjust.png */ = {isa = PBXFileReference; lastKnownFileType = image.png; name = hueAdjust.png; path = Media/hueAdjust.png; sourceTree = "<group>"; };
		5E49C2591856BE74008AC49A /* hueAdjust.txt */ = {isa = PBXFileReference; fileEncoding = 4; lastKnownFileType = text; name = hueAdjust.txt; path = Media/hueAdjust.txt; sourceTree = "<group>"; };
		5E49C25A1856BE74008AC49A /* hueBlend.png */ = {isa = PBXFileReference; lastKnownFileType = image.png; name = hueBlend.png; path = Media/hueBlend.png; sourceTree = "<group>"; };
		5E49C25B1856BE74008AC49A /* hueBlend.txt */ = {isa = PBXFileReference; fileEncoding = 4; lastKnownFileType = text; name = hueBlend.txt; path = Media/hueBlend.txt; sourceTree = "<group>"; };
		5E49C25C1856BE74008AC49A /* lightenBlend.png */ = {isa = PBXFileReference; lastKnownFileType = image.png; name = lightenBlend.png; path = Media/lightenBlend.png; sourceTree = "<group>"; };
		5E49C25D1856BE74008AC49A /* lightenBlend.txt */ = {isa = PBXFileReference; fileEncoding = 4; lastKnownFileType = text; name = lightenBlend.txt; path = Media/lightenBlend.txt; sourceTree = "<group>"; };
		5E49C25E1856BE74008AC49A /* luminosityBlend.png */ = {isa = PBXFileReference; lastKnownFileType = image.png; name = luminosityBlend.png; path = Media/luminosityBlend.png; sourceTree = "<group>"; };
		5E49C25F1856BE74008AC49A /* luminosityBlend.txt */ = {isa = PBXFileReference; fileEncoding = 4; lastKnownFileType = text; name = luminosityBlend.txt; path = Media/luminosityBlend.txt; sourceTree = "<group>"; };
		5E49C2601856BE74008AC49A /* maximumComposite.png */ = {isa = PBXFileReference; lastKnownFileType = image.png; name = maximumComposite.png; path = Media/maximumComposite.png; sourceTree = "<group>"; };
		5E49C2611856BE74008AC49A /* maximumComposite.txt */ = {isa = PBXFileReference; fileEncoding = 4; lastKnownFileType = text; name = maximumComposite.txt; path = Media/maximumComposite.txt; sourceTree = "<group>"; };
		5E49C2621856BE74008AC49A /* minimumComposite.png */ = {isa = PBXFileReference; lastKnownFileType = image.png; name = minimumComposite.png; path = Media/minimumComposite.png; sourceTree = "<group>"; };
		5E49C2631856BE74008AC49A /* minimumComposite.txt */ = {isa = PBXFileReference; fileEncoding = 4; lastKnownFileType = text; name = minimumComposite.txt; path = Media/minimumComposite.txt; sourceTree = "<group>"; };
		5E49C2641856BE74008AC49A /* multiplyBlend.png */ = {isa = PBXFileReference; lastKnownFileType = image.png; name = multiplyBlend.png; path = Media/multiplyBlend.png; sourceTree = "<group>"; };
		5E49C2651856BE74008AC49A /* multiplyBlend.txt */ = {isa = PBXFileReference; fileEncoding = 4; lastKnownFileType = text; name = multiplyBlend.txt; path = Media/multiplyBlend.txt; sourceTree = "<group>"; };
		5E49C2661856BE74008AC49A /* multiplyComposite.png */ = {isa = PBXFileReference; lastKnownFileType = image.png; name = multiplyComposite.png; path = Media/multiplyComposite.png; sourceTree = "<group>"; };
		5E49C2671856BE74008AC49A /* multiplyComposite.txt */ = {isa = PBXFileReference; fileEncoding = 4; lastKnownFileType = text; name = multiplyComposite.txt; path = Media/multiplyComposite.txt; sourceTree = "<group>"; };
		5E49C2681856BE74008AC49A /* overlayBlend.png */ = {isa = PBXFileReference; lastKnownFileType = image.png; name = overlayBlend.png; path = Media/overlayBlend.png; sourceTree = "<group>"; };
		5E49C2691856BE74008AC49A /* overlayBlend.txt */ = {isa = PBXFileReference; fileEncoding = 4; lastKnownFileType = text; name = overlayBlend.txt; path = Media/overlayBlend.txt; sourceTree = "<group>"; };
		5E49C26A1856BE74008AC49A /* saturationBlend.png */ = {isa = PBXFileReference; lastKnownFileType = image.png; name = saturationBlend.png; path = Media/saturationBlend.png; sourceTree = "<group>"; };
		5E49C26B1856BE74008AC49A /* saturationBlend.txt */ = {isa = PBXFileReference; fileEncoding = 4; lastKnownFileType = text; name = saturationBlend.txt; path = Media/saturationBlend.txt; sourceTree = "<group>"; };
		5E49C26C1856BE74008AC49A /* screenBlend.png */ = {isa = PBXFileReference; lastKnownFileType = image.png; name = screenBlend.png; path = Media/screenBlend.png; sourceTree = "<group>"; };
		5E49C26D1856BE74008AC49A /* screenBlend.txt */ = {isa = PBXFileReference; fileEncoding = 4; lastKnownFileType = text; name = screenBlend.txt; path = Media/screenBlend.txt; sourceTree = "<group>"; };
		5E49C26E1856BE74008AC49A /* sepiaTone.png */ = {isa = PBXFileReference; lastKnownFileType = image.png; name = sepiaTone.png; path = Media/sepiaTone.png; sourceTree = "<group>"; };
		5E49C26F1856BE74008AC49A /* sepiaTone.txt */ = {isa = PBXFileReference; fileEncoding = 4; lastKnownFileType = text; name = sepiaTone.txt; path = Media/sepiaTone.txt; sourceTree = "<group>"; };
		5E49C2701856BE74008AC49A /* softLightBlend.png */ = {isa = PBXFileReference; lastKnownFileType = image.png; name = softLightBlend.png; path = Media/softLightBlend.png; sourceTree = "<group>"; };
		5E49C2711856BE74008AC49A /* softLightBlend.txt */ = {isa = PBXFileReference; fileEncoding = 4; lastKnownFileType = text; name = softLightBlend.txt; path = Media/softLightBlend.txt; sourceTree = "<group>"; };
		5E49C2721856BE74008AC49A /* straighten.png */ = {isa = PBXFileReference; lastKnownFileType = image.png; name = straighten.png; path = Media/straighten.png; sourceTree = "<group>"; };
		5E49C2731856BE74008AC49A /* straighten.txt */ = {isa = PBXFileReference; fileEncoding = 4; lastKnownFileType = text; name = straighten.txt; path = Media/straighten.txt; sourceTree = "<group>"; };
		5E49C2741856BE74008AC49A /* temperatureAndTint.png */ = {isa = PBXFileReference; lastKnownFileType = image.png; name = temperatureAndTint.png; path = Media/temperatureAndTint.png; sourceTree = "<group>"; };
		5E49C2751856BE75008AC49A /* temperatureAndTint.txt */ = {isa = PBXFileReference; fileEncoding = 4; lastKnownFileType = text; name = temperatureAndTint.txt; path = Media/temperatureAndTint.txt; sourceTree = "<group>"; };
		5E5DDED9185666CD00F47581 /* exampleApp(p1).app */ = {isa = PBXFileReference; explicitFileType = wrapper.application; includeInIndex = 0; path = "exampleApp(p1).app"; sourceTree = BUILT_PRODUCTS_DIR; };
		5E5DDEDC185666CD00F47581 /* Accelerate.framework */ = {isa = PBXFileReference; lastKnownFileType = wrapper.framework; name = Accelerate.framework; path = System/Library/Frameworks/Accelerate.framework; sourceTree = SDKROOT; };
		5E5DDEDE185666CD00F47581 /* AVFoundation.framework */ = {isa = PBXFileReference; lastKnownFileType = wrapper.framework; name = AVFoundation.framework; path = System/Library/Frameworks/AVFoundation.framework; sourceTree = SDKROOT; };
		5E5DDEE0185666CD00F47581 /* CoreFoundation.framework */ = {isa = PBXFileReference; lastKnownFileType = wrapper.framework; name = CoreFoundation.framework; path = System/Library/Frameworks/CoreFoundation.framework; sourceTree = SDKROOT; };
		5E5DDEE2185666CD00F47581 /* CoreGraphics.framework */ = {isa = PBXFileReference; lastKnownFileType = wrapper.framework; name = CoreGraphics.framework; path = System/Library/Frameworks/CoreGraphics.framework; sourceTree = SDKROOT; };
		5E5DDEE4185666CD00F47581 /* CoreImage.framework */ = {isa = PBXFileReference; lastKnownFileType = wrapper.framework; name = CoreImage.framework; path = System/Library/Frameworks/CoreImage.framework; sourceTree = SDKROOT; };
		5E5DDEE6185666CD00F47581 /* CoreMedia.framework */ = {isa = PBXFileReference; lastKnownFileType = wrapper.framework; name = CoreMedia.framework; path = System/Library/Frameworks/CoreMedia.framework; sourceTree = SDKROOT; };
		5E5DDEE8185666CD00F47581 /* CoreText.framework */ = {isa = PBXFileReference; lastKnownFileType = wrapper.framework; name = CoreText.framework; path = System/Library/Frameworks/CoreText.framework; sourceTree = SDKROOT; };
		5E5DDEEA185666CD00F47581 /* Foundation.framework */ = {isa = PBXFileReference; lastKnownFileType = wrapper.framework; name = Foundation.framework; path = System/Library/Frameworks/Foundation.framework; sourceTree = SDKROOT; };
		5E5DDEEC185666CD00F47581 /* OpenGLES.framework */ = {isa = PBXFileReference; lastKnownFileType = wrapper.framework; name = OpenGLES.framework; path = System/Library/Frameworks/OpenGLES.framework; sourceTree = SDKROOT; };
		5E5DDEEE185666CD00F47581 /* QuartzCore.framework */ = {isa = PBXFileReference; lastKnownFileType = wrapper.framework; name = QuartzCore.framework; path = System/Library/Frameworks/QuartzCore.framework; sourceTree = SDKROOT; };
		5E5DDEF0185666CD00F47581 /* UIKit.framework */ = {isa = PBXFileReference; lastKnownFileType = wrapper.framework; name = UIKit.framework; path = System/Library/Frameworks/UIKit.framework; sourceTree = SDKROOT; };
		5E5DDEF4185666CD00F47581 /* exampleApp(p1)-Info.plist */ = {isa = PBXFileReference; lastKnownFileType = text.plist.xml; path = "exampleApp(p1)-Info.plist"; sourceTree = "<group>"; };
		5E5DDEF6185666CD00F47581 /* en */ = {isa = PBXFileReference; lastKnownFileType = text.plist.strings; name = en; path = en.lproj/InfoPlist.strings; sourceTree = "<group>"; };
		5E5DDEF8185666CD00F47581 /* main.m */ = {isa = PBXFileReference; lastKnownFileType = sourcecode.c.objc; path = main.m; sourceTree = "<group>"; };
		5E5DDEFA185666CD00F47581 /* exampleApp(p1)-Prefix.pch */ = {isa = PBXFileReference; lastKnownFileType = sourcecode.c.h; path = "exampleApp(p1)-Prefix.pch"; sourceTree = "<group>"; };
		5E5DDEFC185666CD00F47581 /* Images.xcassets */ = {isa = PBXFileReference; lastKnownFileType = folder.assetcatalog; path = Images.xcassets; sourceTree = "<group>"; };
		5E5DDEFE185666CE00F47581 /* Media.xcassets */ = {isa = PBXFileReference; lastKnownFileType = folder.assetcatalog; path = Media.xcassets; sourceTree = "<group>"; };
		5E5DDF01185666CE00F47581 /* C4ActivityIndicator.h */ = {isa = PBXFileReference; lastKnownFileType = sourcecode.c.h; name = C4ActivityIndicator.h; path = Headers/C4ActivityIndicator.h; sourceTree = "<group>"; };
		5E5DDF02185666CE00F47581 /* C4AddSubview.h */ = {isa = PBXFileReference; lastKnownFileType = sourcecode.c.h; name = C4AddSubview.h; path = Headers/C4AddSubview.h; sourceTree = "<group>"; };
		5E5DDF03185666CE00F47581 /* C4AppDelegate.h */ = {isa = PBXFileReference; lastKnownFileType = sourcecode.c.h; name = C4AppDelegate.h; path = Headers/C4AppDelegate.h; sourceTree = "<group>"; };
		5E5DDF04185666CE00F47581 /* C4AssertionHandler.h */ = {isa = PBXFileReference; lastKnownFileType = sourcecode.c.h; name = C4AssertionHandler.h; path = Headers/C4AssertionHandler.h; sourceTree = "<group>"; };
		5E5DDF05185666CE00F47581 /* C4Button.h */ = {isa = PBXFileReference; lastKnownFileType = sourcecode.c.h; name = C4Button.h; path = Headers/C4Button.h; sourceTree = "<group>"; };
		5E5DDF06185666CE00F47581 /* C4Camera.h */ = {isa = PBXFileReference; lastKnownFileType = sourcecode.c.h; name = C4Camera.h; path = Headers/C4Camera.h; sourceTree = "<group>"; };
		5E5DDF07185666CE00F47581 /* C4CameraController.h */ = {isa = PBXFileReference; lastKnownFileType = sourcecode.c.h; name = C4CameraController.h; path = Headers/C4CameraController.h; sourceTree = "<group>"; };
		5E5DDF08185666CE00F47581 /* C4CameraLayer.h */ = {isa = PBXFileReference; lastKnownFileType = sourcecode.c.h; name = C4CameraLayer.h; path = Headers/C4CameraLayer.h; sourceTree = "<group>"; };
		5E5DDF09185666CE00F47581 /* C4CanvasController.h */ = {isa = PBXFileReference; lastKnownFileType = sourcecode.c.h; name = C4CanvasController.h; path = Headers/C4CanvasController.h; sourceTree = "<group>"; };
		5E5DDF0A185666CE00F47581 /* C4Control.h */ = {isa = PBXFileReference; lastKnownFileType = sourcecode.c.h; name = C4Control.h; path = Headers/C4Control.h; sourceTree = "<group>"; };
		5E5DDF0B185666CE00F47581 /* C4Defines.h */ = {isa = PBXFileReference; lastKnownFileType = sourcecode.c.h; name = C4Defines.h; path = Headers/C4Defines.h; sourceTree = "<group>"; };
		5E5DDF0C185666CE00F47581 /* C4EAGLES1Renderer.h */ = {isa = PBXFileReference; lastKnownFileType = sourcecode.c.h; name = C4EAGLES1Renderer.h; path = Headers/C4EAGLES1Renderer.h; sourceTree = "<group>"; };
		5E5DDF0D185666CE00F47581 /* C4EAGLESRenderer.h */ = {isa = PBXFileReference; lastKnownFileType = sourcecode.c.h; name = C4EAGLESRenderer.h; path = Headers/C4EAGLESRenderer.h; sourceTree = "<group>"; };
		5E5DDF0E185666CE00F47581 /* C4EAGLLayer.h */ = {isa = PBXFileReference; lastKnownFileType = sourcecode.c.h; name = C4EAGLLayer.h; path = Headers/C4EAGLLayer.h; sourceTree = "<group>"; };
		5E5DDF0F185666CE00F47581 /* C4Font.h */ = {isa = PBXFileReference; lastKnownFileType = sourcecode.c.h; name = C4Font.h; path = Headers/C4Font.h; sourceTree = "<group>"; };
		5E5DDF10185666CE00F47581 /* C4Foundation.h */ = {isa = PBXFileReference; lastKnownFileType = sourcecode.c.h; name = C4Foundation.h; path = Headers/C4Foundation.h; sourceTree = "<group>"; };
		5E5DDF11185666CE00F47581 /* C4Gesture.h */ = {isa = PBXFileReference; lastKnownFileType = sourcecode.c.h; name = C4Gesture.h; path = Headers/C4Gesture.h; sourceTree = "<group>"; };
		5E5DDF12185666CE00F47581 /* C4GL.h */ = {isa = PBXFileReference; lastKnownFileType = sourcecode.c.h; name = C4GL.h; path = Headers/C4GL.h; sourceTree = "<group>"; };
		5E5DDF13185666CE00F47581 /* C4GL1Renderer.h */ = {isa = PBXFileReference; lastKnownFileType = sourcecode.c.h; name = C4GL1Renderer.h; path = Headers/C4GL1Renderer.h; sourceTree = "<group>"; };
		5E5DDF14185666CE00F47581 /* C4Image.h */ = {isa = PBXFileReference; lastKnownFileType = sourcecode.c.h; name = C4Image.h; path = Headers/C4Image.h; sourceTree = "<group>"; };
		5E5DDF15185666CE00F47581 /* C4ImageView.h */ = {isa = PBXFileReference; lastKnownFileType = sourcecode.c.h; name = C4ImageView.h; path = Headers/C4ImageView.h; sourceTree = "<group>"; };
		5E5DDF16185666CE00F47581 /* C4Label.h */ = {isa = PBXFileReference; lastKnownFileType = sourcecode.c.h; name = C4Label.h; path = Headers/C4Label.h; sourceTree = "<group>"; };
		5E5DDF17185666CE00F47581 /* C4Layer.h */ = {isa = PBXFileReference; lastKnownFileType = sourcecode.c.h; name = C4Layer.h; path = Headers/C4Layer.h; sourceTree = "<group>"; };
		5E5DDF18185666CE00F47581 /* C4LayerAnimation.h */ = {isa = PBXFileReference; lastKnownFileType = sourcecode.c.h; name = C4LayerAnimation.h; path = Headers/C4LayerAnimation.h; sourceTree = "<group>"; };
		5E5DDF19185666CE00F47581 /* C4Math.h */ = {isa = PBXFileReference; lastKnownFileType = sourcecode.c.h; name = C4Math.h; path = Headers/C4Math.h; sourceTree = "<group>"; };
		5E5DDF1A185666CE00F47581 /* C4MethodDelay.h */ = {isa = PBXFileReference; lastKnownFileType = sourcecode.c.h; name = C4MethodDelay.h; path = Headers/C4MethodDelay.h; sourceTree = "<group>"; };
		5E5DDF1B185666CE00F47581 /* C4Movie.h */ = {isa = PBXFileReference; lastKnownFileType = sourcecode.c.h; name = C4Movie.h; path = Headers/C4Movie.h; sourceTree = "<group>"; };
		5E5DDF1C185666CE00F47581 /* C4MovieLayer.h */ = {isa = PBXFileReference; lastKnownFileType = sourcecode.c.h; name = C4MovieLayer.h; path = Headers/C4MovieLayer.h; sourceTree = "<group>"; };
		5E5DDF1D185666CE00F47581 /* C4Notification.h */ = {isa = PBXFileReference; lastKnownFileType = sourcecode.c.h; name = C4Notification.h; path = Headers/C4Notification.h; sourceTree = "<group>"; };
		5E5DDF1E185666CE00F47581 /* C4Object.h */ = {isa = PBXFileReference; lastKnownFileType = sourcecode.c.h; name = C4Object.h; path = Headers/C4Object.h; sourceTree = "<group>"; };
		5E5DDF1F185666CE00F47581 /* C4Sample.h */ = {isa = PBXFileReference; lastKnownFileType = sourcecode.c.h; name = C4Sample.h; path = Headers/C4Sample.h; sourceTree = "<group>"; };
		5E5DDF20185666CE00F47581 /* C4ScrollView.h */ = {isa = PBXFileReference; lastKnownFileType = sourcecode.c.h; name = C4ScrollView.h; path = Headers/C4ScrollView.h; sourceTree = "<group>"; };
		5E5DDF21185666CE00F47581 /* C4Shape.h */ = {isa = PBXFileReference; lastKnownFileType = sourcecode.c.h; name = C4Shape.h; path = Headers/C4Shape.h; sourceTree = "<group>"; };
		5E5DDF22185666CE00F47581 /* C4ShapeLayer.h */ = {isa = PBXFileReference; lastKnownFileType = sourcecode.c.h; name = C4ShapeLayer.h; path = Headers/C4ShapeLayer.h; sourceTree = "<group>"; };
		5E5DDF23185666CE00F47581 /* C4Slider.h */ = {isa = PBXFileReference; lastKnownFileType = sourcecode.c.h; name = C4Slider.h; path = Headers/C4Slider.h; sourceTree = "<group>"; };
		5E5DDF24185666CE00F47581 /* C4Stepper.h */ = {isa = PBXFileReference; lastKnownFileType = sourcecode.c.h; name = C4Stepper.h; path = Headers/C4Stepper.h; sourceTree = "<group>"; };
		5E5DDF25185666CE00F47581 /* C4Switch.h */ = {isa = PBXFileReference; lastKnownFileType = sourcecode.c.h; name = C4Switch.h; path = Headers/C4Switch.h; sourceTree = "<group>"; };
		5E5DDF26185666CE00F47581 /* C4Timer.h */ = {isa = PBXFileReference; lastKnownFileType = sourcecode.c.h; name = C4Timer.h; path = Headers/C4Timer.h; sourceTree = "<group>"; };
		5E5DDF27185666CE00F47581 /* C4UIElement.h */ = {isa = PBXFileReference; lastKnownFileType = sourcecode.c.h; name = C4UIElement.h; path = Headers/C4UIElement.h; sourceTree = "<group>"; };
		5E5DDF28185666CE00F47581 /* C4Vector.h */ = {isa = PBXFileReference; lastKnownFileType = sourcecode.c.h; name = C4Vector.h; path = Headers/C4Vector.h; sourceTree = "<group>"; };
		5E5DDF29185666CE00F47581 /* C4View.h */ = {isa = PBXFileReference; lastKnownFileType = sourcecode.c.h; name = C4View.h; path = Headers/C4View.h; sourceTree = "<group>"; };
		5E5DDF2A185666CF00F47581 /* C4ViewController.h */ = {isa = PBXFileReference; lastKnownFileType = sourcecode.c.h; name = C4ViewController.h; path = Headers/C4ViewController.h; sourceTree = "<group>"; };
		5E5DDF2B185666CF00F47581 /* C4Window.h */ = {isa = PBXFileReference; lastKnownFileType = sourcecode.c.h; name = C4Window.h; path = Headers/C4Window.h; sourceTree = "<group>"; };
		5E5DDF2C185666CF00F47581 /* UIColor+CIColorFix.h */ = {isa = PBXFileReference; lastKnownFileType = sourcecode.c.h; name = "UIColor+CIColorFix.h"; path = "Headers/UIColor+CIColorFix.h"; sourceTree = "<group>"; };
		5E5DDF2D185666CF00F47581 /* C4AppDelegate.m */ = {isa = PBXFileReference; lastKnownFileType = sourcecode.c.objc; name = C4AppDelegate.m; path = implementation/C4AppDelegate.m; sourceTree = "<group>"; };
		5E5DDF33185666D000F47581 /* libC4.a */ = {isa = PBXFileReference; lastKnownFileType = archive.ar; path = libC4.a; sourceTree = "<group>"; };
		5E5DDF37185666D000F47581 /* Base */ = {isa = PBXFileReference; lastKnownFileType = file.storyboard; name = Base; path = Base.lproj/Main.storyboard; sourceTree = "<group>"; };
		5E5DDF39185666D000F47581 /* C4WorkSpace.h */ = {isa = PBXFileReference; lastKnownFileType = sourcecode.c.h; path = C4WorkSpace.h; sourceTree = "<group>"; };
		5E5DDF3A185666D000F47581 /* C4WorkSpace.m */ = {isa = PBXFileReference; lastKnownFileType = sourcecode.c.objc; path = C4WorkSpace.m; sourceTree = "<group>"; };
		5E5DDF40185666D100F47581 /* exampleApp(p1)Tests.xctest */ = {isa = PBXFileReference; explicitFileType = wrapper.cfbundle; includeInIndex = 0; path = "exampleApp(p1)Tests.xctest"; sourceTree = BUILT_PRODUCTS_DIR; };
		5E5DDF41185666D100F47581 /* XCTest.framework */ = {isa = PBXFileReference; lastKnownFileType = wrapper.framework; name = XCTest.framework; path = Library/Frameworks/XCTest.framework; sourceTree = DEVELOPER_DIR; };
		5E5DDF49185666D100F47581 /* exampleApp(p1)Tests-Info.plist */ = {isa = PBXFileReference; lastKnownFileType = text.plist.xml; path = "exampleApp(p1)Tests-Info.plist"; sourceTree = "<group>"; };
		5E5DDF4B185666D100F47581 /* en */ = {isa = PBXFileReference; lastKnownFileType = text.plist.strings; name = en; path = en.lproj/InfoPlist.strings; sourceTree = "<group>"; };
		5E5DDF4D185666D100F47581 /* exampleApp_p1_Tests.m */ = {isa = PBXFileReference; lastKnownFileType = sourcecode.c.objc; path = exampleApp_p1_Tests.m; sourceTree = "<group>"; };
		5EF21CB11856824600C99D03 /* additionComposite.txt */ = {isa = PBXFileReference; fileEncoding = 4; lastKnownFileType = text; name = additionComposite.txt; path = Media/additionComposite.txt; sourceTree = "<group>"; };
		5EF21CB318568AAF00C99D03 /* additionComposite.png */ = {isa = PBXFileReference; lastKnownFileType = image.png; name = additionComposite.png; path = Media/additionComposite.png; sourceTree = "<group>"; };
		5EF21CB518568BC500C99D03 /* imageFilterScrollView.h */ = {isa = PBXFileReference; fileEncoding = 4; lastKnownFileType = sourcecode.c.h; path = imageFilterScrollView.h; sourceTree = "<group>"; };
		5EF21CB618568BC500C99D03 /* imageFilterScrollView.m */ = {isa = PBXFileReference; fileEncoding = 4; lastKnownFileType = sourcecode.c.objc; path = imageFilterScrollView.m; sourceTree = "<group>"; };
		5EF21CBB1856900700C99D03 /* colorBlend.png */ = {isa = PBXFileReference; lastKnownFileType = image.png; name = colorBlend.png; path = Media/colorBlend.png; sourceTree = "<group>"; };
		5EF21CBC1856900700C99D03 /* colorBlend.txt */ = {isa = PBXFileReference; fileEncoding = 4; lastKnownFileType = text; name = colorBlend.txt; path = Media/colorBlend.txt; sourceTree = "<group>"; };
/* End PBXFileReference section */

/* Begin PBXFrameworksBuildPhase section */
		5E5DDED6185666CD00F47581 /* Frameworks */ = {
			isa = PBXFrameworksBuildPhase;
			buildActionMask = 2147483647;
			files = (
				5E5DDF34185666D000F47581 /* libC4.a in Frameworks */,
				5E5DDEEF185666CD00F47581 /* QuartzCore.framework in Frameworks */,
				5E5DDEF1185666CD00F47581 /* UIKit.framework in Frameworks */,
				5E5DDEE7185666CD00F47581 /* CoreMedia.framework in Frameworks */,
				5E5DDEE3185666CD00F47581 /* CoreGraphics.framework in Frameworks */,
				5E5DDEDF185666CD00F47581 /* AVFoundation.framework in Frameworks */,
				5E5DDEE5185666CD00F47581 /* CoreImage.framework in Frameworks */,
				5E5DDEE9185666CD00F47581 /* CoreText.framework in Frameworks */,
				5E5DDEDD185666CD00F47581 /* Accelerate.framework in Frameworks */,
				5E5DDEE1185666CD00F47581 /* CoreFoundation.framework in Frameworks */,
				5E5DDEEB185666CD00F47581 /* Foundation.framework in Frameworks */,
				5E5DDEED185666CD00F47581 /* OpenGLES.framework in Frameworks */,
			);
			runOnlyForDeploymentPostprocessing = 0;
		};
		5E5DDF3D185666D100F47581 /* Frameworks */ = {
			isa = PBXFrameworksBuildPhase;
			buildActionMask = 2147483647;
			files = (
				5E5DDF42185666D100F47581 /* XCTest.framework in Frameworks */,
				5E5DDF44185666D100F47581 /* UIKit.framework in Frameworks */,
				5E5DDF43185666D100F47581 /* Foundation.framework in Frameworks */,
			);
			runOnlyForDeploymentPostprocessing = 0;
		};
/* End PBXFrameworksBuildPhase section */

/* Begin PBXGroup section */
		5E5DDED0185666CD00F47581 = {
			isa = PBXGroup;
			children = (
				5E5DDEF2185666CD00F47581 /* exampleApp(p1) */,
				5E5DDF47185666D100F47581 /* exampleApp(p1)Tests */,
				5E5DDEDB185666CD00F47581 /* Frameworks */,
				5E5DDEDA185666CD00F47581 /* Products */,
			);
			sourceTree = "<group>";
		};
		5E5DDEDA185666CD00F47581 /* Products */ = {
			isa = PBXGroup;
			children = (
				5E5DDED9185666CD00F47581 /* exampleApp(p1).app */,
				5E5DDF40185666D100F47581 /* exampleApp(p1)Tests.xctest */,
			);
			name = Products;
			sourceTree = "<group>";
		};
		5E5DDEDB185666CD00F47581 /* Frameworks */ = {
			isa = PBXGroup;
			children = (
				5E5DDEDC185666CD00F47581 /* Accelerate.framework */,
				5E5DDEDE185666CD00F47581 /* AVFoundation.framework */,
				5E5DDEE0185666CD00F47581 /* CoreFoundation.framework */,
				5E5DDEE2185666CD00F47581 /* CoreGraphics.framework */,
				5E5DDEE4185666CD00F47581 /* CoreImage.framework */,
				5E5DDEE6185666CD00F47581 /* CoreMedia.framework */,
				5E5DDEE8185666CD00F47581 /* CoreText.framework */,
				5E5DDEEA185666CD00F47581 /* Foundation.framework */,
				5E5DDEEC185666CD00F47581 /* OpenGLES.framework */,
				5E5DDEEE185666CD00F47581 /* QuartzCore.framework */,
				5E5DDEF0185666CD00F47581 /* UIKit.framework */,
				5E5DDF41185666D100F47581 /* XCTest.framework */,
			);
			name = Frameworks;
			sourceTree = "<group>";
		};
		5E5DDEF2185666CD00F47581 /* exampleApp(p1) */ = {
			isa = PBXGroup;
			children = (
				5E5DDF39185666D000F47581 /* C4WorkSpace.h */,
				5E5DDF3A185666D000F47581 /* C4WorkSpace.m */,
				5E49C2331856A640008AC49A /* Example.h */,
				5E49C2341856A640008AC49A /* Example.m */,
				5E49C2351856A640008AC49A /* Example.xib */,
				5EF21CB518568BC500C99D03 /* imageFilterScrollView.h */,
				5EF21CB618568BC500C99D03 /* imageFilterScrollView.m */,
				5E5DDEFB185666CD00F47581 /* Media */,
				5E5DDF00185666CE00F47581 /* Framework */,
				5E5DDF35185666D000F47581 /* Storyboards */,
				5E5DDEF3185666CD00F47581 /* Supporting Files */,
			);
			path = "exampleApp(p1)";
			sourceTree = "<group>";
		};
		5E5DDEF3185666CD00F47581 /* Supporting Files */ = {
			isa = PBXGroup;
			children = (
				5E5DDEF4185666CD00F47581 /* exampleApp(p1)-Info.plist */,
				5E5DDEF5185666CD00F47581 /* InfoPlist.strings */,
				5E5DDEF8185666CD00F47581 /* main.m */,
				5E5DDEFA185666CD00F47581 /* exampleApp(p1)-Prefix.pch */,
				5E5DDF03185666CE00F47581 /* C4AppDelegate.h */,
				5E5DDF2D185666CF00F47581 /* C4AppDelegate.m */,
			);
			name = "Supporting Files";
			sourceTree = "<group>";
		};
		5E5DDEFB185666CD00F47581 /* Media */ = {
			isa = PBXGroup;
			children = (
				5E5DDEFC185666CD00F47581 /* Images.xcassets */,
				5E5DDEFE185666CE00F47581 /* Media.xcassets */,
				5EF21CB11856824600C99D03 /* additionComposite.txt */,
				5EF21CB318568AAF00C99D03 /* additionComposite.png */,
				5EF21CBB1856900700C99D03 /* colorBlend.png */,
				5EF21CBC1856900700C99D03 /* colorBlend.txt */,
				5E49C2381856AE08008AC49A /* colorBurn.png */,
				5E49C2391856AE08008AC49A /* colorBurn.txt */,
				5E49C23A1856AE08008AC49A /* colorControlSaturation.png */,
				5E49C23B1856AE08008AC49A /* colorControlSaturation.txt */,
				5E49C23C1856AE08008AC49A /* colorInvert.png */,
				5E49C23D1856AE08008AC49A /* colorInvert.txt */,
				5E49C23E1856AE08008AC49A /* colorMatrix.png */,
				5E49C23F1856AE08008AC49A /* colorMatrix.txt */,
				5E49C2401856AE08008AC49A /* darkenBlend.png */,
				5E49C2411856AE08008AC49A /* darkenBlend.txt */,
				5E49C24C1856BE74008AC49A /* differenceBlend.png */,
				5E49C24D1856BE74008AC49A /* differenceBlend.txt */,
				5E49C24E1856BE74008AC49A /* exclusionBlend.png */,
				5E49C24F1856BE74008AC49A /* exclusionBlend.txt */,
				5E49C2501856BE74008AC49A /* exposureAdjust.png */,
				5E49C2511856BE74008AC49A /* exposureAdjust.txt */,
				5E49C2521856BE74008AC49A /* gammaAdjustment.png */,
				5E49C2531856BE74008AC49A /* gammaAdjustment.txt */,
				5E49C2541856BE74008AC49A /* hardLightBlend.png */,
				5E49C2551856BE74008AC49A /* hardLightBlend.txt */,
				5E49C2561856BE74008AC49A /* highlightShadowAdjust.png */,
				5E49C2571856BE74008AC49A /* highlightShadowAdjust.txt */,
				5E49C2581856BE74008AC49A /* hueAdjust.png */,
				5E49C2591856BE74008AC49A /* hueAdjust.txt */,
				5E49C25A1856BE74008AC49A /* hueBlend.png */,
				5E49C25B1856BE74008AC49A /* hueBlend.txt */,
				5E49C25C1856BE74008AC49A /* lightenBlend.png */,
				5E49C25D1856BE74008AC49A /* lightenBlend.txt */,
				5E49C25E1856BE74008AC49A /* luminosityBlend.png */,
				5E49C25F1856BE74008AC49A /* luminosityBlend.txt */,
				5E49C2601856BE74008AC49A /* maximumComposite.png */,
				5E49C2611856BE74008AC49A /* maximumComposite.txt */,
				5E49C2621856BE74008AC49A /* minimumComposite.png */,
				5E49C2631856BE74008AC49A /* minimumComposite.txt */,
				5E49C2641856BE74008AC49A /* multiplyBlend.png */,
				5E49C2651856BE74008AC49A /* multiplyBlend.txt */,
				5E49C2661856BE74008AC49A /* multiplyComposite.png */,
				5E49C2671856BE74008AC49A /* multiplyComposite.txt */,
				5E49C2681856BE74008AC49A /* overlayBlend.png */,
				5E49C2691856BE74008AC49A /* overlayBlend.txt */,
				5E49C26A1856BE74008AC49A /* saturationBlend.png */,
				5E49C26B1856BE74008AC49A /* saturationBlend.txt */,
				5E49C26C1856BE74008AC49A /* screenBlend.png */,
				5E49C26D1856BE74008AC49A /* screenBlend.txt */,
				5E49C26E1856BE74008AC49A /* sepiaTone.png */,
				5E49C26F1856BE74008AC49A /* sepiaTone.txt */,
				5E49C2701856BE74008AC49A /* softLightBlend.png */,
				5E49C2711856BE74008AC49A /* softLightBlend.txt */,
				5E49C2721856BE74008AC49A /* straighten.png */,
				5E49C2731856BE74008AC49A /* straighten.txt */,
				5E49C2741856BE74008AC49A /* temperatureAndTint.png */,
				5E49C2751856BE75008AC49A /* temperatureAndTint.txt */,
			);
			name = Media;
			sourceTree = "<group>";
		};
		5E5DDF00185666CE00F47581 /* Framework */ = {
			isa = PBXGroup;
			children = (
				5E5DDF01185666CE00F47581 /* C4ActivityIndicator.h */,
				5E5DDF02185666CE00F47581 /* C4AddSubview.h */,
				5E5DDF04185666CE00F47581 /* C4AssertionHandler.h */,
				5E5DDF05185666CE00F47581 /* C4Button.h */,
				5E5DDF06185666CE00F47581 /* C4Camera.h */,
				5E5DDF07185666CE00F47581 /* C4CameraController.h */,
				5E5DDF08185666CE00F47581 /* C4CameraLayer.h */,
				5E5DDF09185666CE00F47581 /* C4CanvasController.h */,
				5E5DDF0A185666CE00F47581 /* C4Control.h */,
				5E5DDF0B185666CE00F47581 /* C4Defines.h */,
				5E5DDF0C185666CE00F47581 /* C4EAGLES1Renderer.h */,
				5E5DDF0D185666CE00F47581 /* C4EAGLESRenderer.h */,
				5E5DDF0E185666CE00F47581 /* C4EAGLLayer.h */,
				5E5DDF0F185666CE00F47581 /* C4Font.h */,
				5E5DDF10185666CE00F47581 /* C4Foundation.h */,
				5E5DDF11185666CE00F47581 /* C4Gesture.h */,
				5E5DDF12185666CE00F47581 /* C4GL.h */,
				5E5DDF13185666CE00F47581 /* C4GL1Renderer.h */,
				5E5DDF14185666CE00F47581 /* C4Image.h */,
				5E5DDF15185666CE00F47581 /* C4ImageView.h */,
				5E5DDF16185666CE00F47581 /* C4Label.h */,
				5E5DDF17185666CE00F47581 /* C4Layer.h */,
				5E5DDF18185666CE00F47581 /* C4LayerAnimation.h */,
				5E5DDF19185666CE00F47581 /* C4Math.h */,
				5E5DDF1A185666CE00F47581 /* C4MethodDelay.h */,
				5E5DDF1B185666CE00F47581 /* C4Movie.h */,
				5E5DDF1C185666CE00F47581 /* C4MovieLayer.h */,
				5E5DDF1D185666CE00F47581 /* C4Notification.h */,
				5E5DDF1E185666CE00F47581 /* C4Object.h */,
				5E5DDF1F185666CE00F47581 /* C4Sample.h */,
				5E5DDF20185666CE00F47581 /* C4ScrollView.h */,
				5E5DDF21185666CE00F47581 /* C4Shape.h */,
				5E5DDF22185666CE00F47581 /* C4ShapeLayer.h */,
				5E5DDF23185666CE00F47581 /* C4Slider.h */,
				5E5DDF24185666CE00F47581 /* C4Stepper.h */,
				5E5DDF25185666CE00F47581 /* C4Switch.h */,
				5E5DDF26185666CE00F47581 /* C4Timer.h */,
				5E5DDF27185666CE00F47581 /* C4UIElement.h */,
				5E5DDF28185666CE00F47581 /* C4Vector.h */,
				5E5DDF29185666CE00F47581 /* C4View.h */,
				5E5DDF2A185666CF00F47581 /* C4ViewController.h */,
				5E5DDF2B185666CF00F47581 /* C4Window.h */,
				5E5DDF2C185666CF00F47581 /* UIColor+CIColorFix.h */,
				5E5DDF33185666D000F47581 /* libC4.a */,
			);
			name = Framework;
			sourceTree = "<group>";
		};
		5E5DDF35185666D000F47581 /* Storyboards */ = {
			isa = PBXGroup;
			children = (
				5E5DDF36185666D000F47581 /* Main.storyboard */,
			);
			name = Storyboards;
			sourceTree = "<group>";
		};
		5E5DDF47185666D100F47581 /* exampleApp(p1)Tests */ = {
			isa = PBXGroup;
			children = (
				5E5DDF4D185666D100F47581 /* exampleApp_p1_Tests.m */,
				5E5DDF48185666D100F47581 /* Supporting Files */,
			);
			path = "exampleApp(p1)Tests";
			sourceTree = "<group>";
		};
		5E5DDF48185666D100F47581 /* Supporting Files */ = {
			isa = PBXGroup;
			children = (
				5E5DDF49185666D100F47581 /* exampleApp(p1)Tests-Info.plist */,
				5E5DDF4A185666D100F47581 /* InfoPlist.strings */,
			);
			name = "Supporting Files";
			sourceTree = "<group>";
		};
/* End PBXGroup section */

/* Begin PBXNativeTarget section */
		5E5DDED8185666CD00F47581 /* exampleApp(p1) */ = {
			isa = PBXNativeTarget;
			buildConfigurationList = 5E5DDF51185666D100F47581 /* Build configuration list for PBXNativeTarget "exampleApp(p1)" */;
			buildPhases = (
				5E5DDED5185666CD00F47581 /* Sources */,
				5E5DDED6185666CD00F47581 /* Frameworks */,
				5E5DDED7185666CD00F47581 /* Resources */,
			);
			buildRules = (
			);
			dependencies = (
			);
			name = "exampleApp(p1)";
			productName = "exampleApp(p1)";
			productReference = 5E5DDED9185666CD00F47581 /* exampleApp(p1).app */;
			productType = "com.apple.product-type.application";
		};
		5E5DDF3F185666D100F47581 /* exampleApp(p1)Tests */ = {
			isa = PBXNativeTarget;
			buildConfigurationList = 5E5DDF54185666D100F47581 /* Build configuration list for PBXNativeTarget "exampleApp(p1)Tests" */;
			buildPhases = (
				5E5DDF3C185666D100F47581 /* Sources */,
				5E5DDF3D185666D100F47581 /* Frameworks */,
				5E5DDF3E185666D100F47581 /* Resources */,
			);
			buildRules = (
			);
			dependencies = (
				5E5DDF46185666D100F47581 /* PBXTargetDependency */,
			);
			name = "exampleApp(p1)Tests";
			productName = "exampleApp(p1)Tests";
			productReference = 5E5DDF40185666D100F47581 /* exampleApp(p1)Tests.xctest */;
			productType = "com.apple.product-type.bundle.unit-test";
		};
/* End PBXNativeTarget section */

/* Begin PBXProject section */
		5E5DDED1185666CD00F47581 /* Project object */ = {
			isa = PBXProject;
			attributes = {
				LastUpgradeCheck = 0500;
				ORGANIZATIONNAME = "Greg Debicki";
				TargetAttributes = {
					5E5DDF3F185666D100F47581 = {
						TestTargetID = 5E5DDED8185666CD00F47581;
					};
				};
			};
			buildConfigurationList = 5E5DDED4185666CD00F47581 /* Build configuration list for PBXProject "exampleApp(p1)" */;
			compatibilityVersion = "Xcode 3.2";
			developmentRegion = English;
			hasScannedForEncodings = 0;
			knownRegions = (
				en,
				Base,
			);
			mainGroup = 5E5DDED0185666CD00F47581;
			productRefGroup = 5E5DDEDA185666CD00F47581 /* Products */;
			projectDirPath = "";
			projectRoot = "";
			targets = (
				5E5DDED8185666CD00F47581 /* exampleApp(p1) */,
				5E5DDF3F185666D100F47581 /* exampleApp(p1)Tests */,
			);
		};
/* End PBXProject section */

/* Begin PBXResourcesBuildPhase section */
		5E5DDED7185666CD00F47581 /* Resources */ = {
			isa = PBXResourcesBuildPhase;
			buildActionMask = 2147483647;
			files = (
				5E49C28F1856BE75008AC49A /* multiplyBlend.txt in Resources */,
				5E49C2781856BE75008AC49A /* exclusionBlend.png in Resources */,
				5E49C2431856AE08008AC49A /* colorBurn.txt in Resources */,
				5E49C2881856BE75008AC49A /* luminosityBlend.png in Resources */,
				5E49C2491856AE08008AC49A /* colorMatrix.txt in Resources */,
				5E49C24B1856AE08008AC49A /* darkenBlend.txt in Resources */,
				5E49C29A1856BE75008AC49A /* softLightBlend.png in Resources */,
				5E49C2891856BE75008AC49A /* luminosityBlend.txt in Resources */,
				5E5DDEF7185666CD00F47581 /* InfoPlist.strings in Resources */,
				5E49C2421856AE08008AC49A /* colorBurn.png in Resources */,
				5E5DDEFF185666CE00F47581 /* Media.xcassets in Resources */,
				5E49C27F1856BE75008AC49A /* hardLightBlend.txt in Resources */,
				5E5DDF38185666D000F47581 /* Main.storyboard in Resources */,
				5E49C2811856BE75008AC49A /* highlightShadowAdjust.txt in Resources */,
				5EF21CBD1856900700C99D03 /* colorBlend.png in Resources */,
				5E49C29F1856BE75008AC49A /* temperatureAndTint.txt in Resources */,
				5E49C28B1856BE75008AC49A /* maximumComposite.txt in Resources */,
				5E49C2441856AE08008AC49A /* colorControlSaturation.png in Resources */,
				5E49C2801856BE75008AC49A /* highlightShadowAdjust.png in Resources */,
				5E49C2831856BE75008AC49A /* hueAdjust.txt in Resources */,
				5E49C28A1856BE75008AC49A /* maximumComposite.png in Resources */,
				5E49C2821856BE75008AC49A /* hueAdjust.png in Resources */,
				5E5DDEFD185666CD00F47581 /* Images.xcassets in Resources */,
				5E49C27A1856BE75008AC49A /* exposureAdjust.png in Resources */,
				5E49C29D1856BE75008AC49A /* straighten.txt in Resources */,
				5E49C2851856BE75008AC49A /* hueBlend.txt in Resources */,
				5E49C27B1856BE75008AC49A /* exposureAdjust.txt in Resources */,
				5E49C2861856BE75008AC49A /* lightenBlend.png in Resources */,
				5E49C2771856BE75008AC49A /* differenceBlend.txt in Resources */,
				5E49C2871856BE75008AC49A /* lightenBlend.txt in Resources */,
				5E49C2791856BE75008AC49A /* exclusionBlend.txt in Resources */,
				5E49C28D1856BE75008AC49A /* minimumComposite.txt in Resources */,
				5E49C29B1856BE75008AC49A /* softLightBlend.txt in Resources */,
				5E49C2461856AE08008AC49A /* colorInvert.png in Resources */,
				5E49C27C1856BE75008AC49A /* gammaAdjustment.png in Resources */,
				5E49C2961856BE75008AC49A /* screenBlend.png in Resources */,
				5E49C2951856BE75008AC49A /* saturationBlend.txt in Resources */,
				5E49C2911856BE75008AC49A /* multiplyComposite.txt in Resources */,
				5E49C29E1856BE75008AC49A /* temperatureAndTint.png in Resources */,
				5E49C29C1856BE75008AC49A /* straighten.png in Resources */,
				5E49C2981856BE75008AC49A /* sepiaTone.png in Resources */,
				5E49C24A1856AE08008AC49A /* darkenBlend.png in Resources */,
				5E49C2471856AE08008AC49A /* colorInvert.txt in Resources */,
				5E49C2931856BE75008AC49A /* overlayBlend.txt in Resources */,
				5E49C2841856BE75008AC49A /* hueBlend.png in Resources */,
				5E49C28E1856BE75008AC49A /* multiplyBlend.png in Resources */,
				5E49C2481856AE08008AC49A /* colorMatrix.png in Resources */,
				5EF21CB21856824600C99D03 /* additionComposite.txt in Resources */,
				5E49C2901856BE75008AC49A /* multiplyComposite.png in Resources */,
				5E49C27E1856BE75008AC49A /* hardLightBlend.png in Resources */,
				5E49C2371856A640008AC49A /* Example.xib in Resources */,
				5EF21CBE1856900700C99D03 /* colorBlend.txt in Resources */,
				5E49C2921856BE75008AC49A /* overlayBlend.png in Resources */,
				5E49C2991856BE75008AC49A /* sepiaTone.txt in Resources */,
				5E49C2451856AE08008AC49A /* colorControlSaturation.txt in Resources */,
				5E49C2971856BE75008AC49A /* screenBlend.txt in Resources */,
				5E49C27D1856BE75008AC49A /* gammaAdjustment.txt in Resources */,
				5E49C2761856BE75008AC49A /* differenceBlend.png in Resources */,
				5E49C28C1856BE75008AC49A /* minimumComposite.png in Resources */,
				5EF21CB418568AAF00C99D03 /* additionComposite.png in Resources */,
				5E49C2941856BE75008AC49A /* saturationBlend.png in Resources */,
			);
			runOnlyForDeploymentPostprocessing = 0;
		};
		5E5DDF3E185666D100F47581 /* Resources */ = {
			isa = PBXResourcesBuildPhase;
			buildActionMask = 2147483647;
			files = (
				5E5DDF4C185666D100F47581 /* InfoPlist.strings in Resources */,
			);
			runOnlyForDeploymentPostprocessing = 0;
		};
/* End PBXResourcesBuildPhase section */

/* Begin PBXSourcesBuildPhase section */
		5E5DDED5185666CD00F47581 /* Sources */ = {
			isa = PBXSourcesBuildPhase;
			buildActionMask = 2147483647;
			files = (
				5E5DDEF9185666CD00F47581 /* main.m in Sources */,
				5EF21CB718568BC500C99D03 /* imageFilterScrollView.m in Sources */,
				5E49C2361856A640008AC49A /* Example.m in Sources */,
				5E5DDF3B185666D000F47581 /* C4WorkSpace.m in Sources */,
				5E5DDF2E185666CF00F47581 /* C4AppDelegate.m in Sources */,
			);
			runOnlyForDeploymentPostprocessing = 0;
		};
		5E5DDF3C185666D100F47581 /* Sources */ = {
			isa = PBXSourcesBuildPhase;
			buildActionMask = 2147483647;
			files = (
				5E5DDF4E185666D100F47581 /* exampleApp_p1_Tests.m in Sources */,
			);
			runOnlyForDeploymentPostprocessing = 0;
		};
/* End PBXSourcesBuildPhase section */

/* Begin PBXTargetDependency section */
		5E5DDF46185666D100F47581 /* PBXTargetDependency */ = {
			isa = PBXTargetDependency;
			target = 5E5DDED8185666CD00F47581 /* exampleApp(p1) */;
			targetProxy = 5E5DDF45185666D100F47581 /* PBXContainerItemProxy */;
		};
/* End PBXTargetDependency section */

/* Begin PBXVariantGroup section */
		5E5DDEF5185666CD00F47581 /* InfoPlist.strings */ = {
			isa = PBXVariantGroup;
			children = (
				5E5DDEF6185666CD00F47581 /* en */,
			);
			name = InfoPlist.strings;
			sourceTree = "<group>";
		};
		5E5DDF36185666D000F47581 /* Main.storyboard */ = {
			isa = PBXVariantGroup;
			children = (
				5E5DDF37185666D000F47581 /* Base */,
			);
			name = Main.storyboard;
			sourceTree = "<group>";
		};
		5E5DDF4A185666D100F47581 /* InfoPlist.strings */ = {
			isa = PBXVariantGroup;
			children = (
				5E5DDF4B185666D100F47581 /* en */,
			);
			name = InfoPlist.strings;
			sourceTree = "<group>";
		};
/* End PBXVariantGroup section */

/* Begin XCBuildConfiguration section */
		5E5DDF4F185666D100F47581 /* Debug */ = {
			isa = XCBuildConfiguration;
			buildSettings = {
				ALWAYS_SEARCH_USER_PATHS = NO;
				ARCHS = "$(ARCHS_STANDARD_INCLUDING_64_BIT)";
				CLANG_CXX_LANGUAGE_STANDARD = "gnu++0x";
				CLANG_CXX_LIBRARY = "libc++";
				CLANG_ENABLE_MODULES = YES;
				CLANG_ENABLE_OBJC_ARC = YES;
				CLANG_WARN_BOOL_CONVERSION = YES;
				CLANG_WARN_CONSTANT_CONVERSION = YES;
				CLANG_WARN_DIRECT_OBJC_ISA_USAGE = YES_ERROR;
				CLANG_WARN_EMPTY_BODY = YES;
				CLANG_WARN_ENUM_CONVERSION = YES;
				CLANG_WARN_INT_CONVERSION = YES;
				CLANG_WARN_OBJC_ROOT_CLASS = YES_ERROR;
				CLANG_WARN__DUPLICATE_METHOD_MATCH = YES;
				"CODE_SIGN_IDENTITY[sdk=iphoneos*]" = "iPhone Developer";
				COPY_PHASE_STRIP = NO;
				GCC_C_LANGUAGE_STANDARD = gnu99;
				GCC_DYNAMIC_NO_PIC = NO;
				GCC_OPTIMIZATION_LEVEL = 0;
				GCC_PREPROCESSOR_DEFINITIONS = (
					"DEBUG=1",
					"$(inherited)",
				);
				GCC_SYMBOLS_PRIVATE_EXTERN = NO;
				GCC_WARN_64_TO_32_BIT_CONVERSION = YES;
				GCC_WARN_ABOUT_RETURN_TYPE = YES_ERROR;
				GCC_WARN_UNDECLARED_SELECTOR = YES;
				GCC_WARN_UNINITIALIZED_AUTOS = YES;
				GCC_WARN_UNUSED_FUNCTION = YES;
				GCC_WARN_UNUSED_VARIABLE = YES;
				IPHONEOS_DEPLOYMENT_TARGET = 7.0;
				ONLY_ACTIVE_ARCH = YES;
				SDKROOT = iphoneos;
			};
			name = Debug;
		};
		5E5DDF50185666D100F47581 /* Release */ = {
			isa = XCBuildConfiguration;
			buildSettings = {
				ALWAYS_SEARCH_USER_PATHS = NO;
				ARCHS = "$(ARCHS_STANDARD_INCLUDING_64_BIT)";
				CLANG_CXX_LANGUAGE_STANDARD = "gnu++0x";
				CLANG_CXX_LIBRARY = "libc++";
				CLANG_ENABLE_MODULES = YES;
				CLANG_ENABLE_OBJC_ARC = YES;
				CLANG_WARN_BOOL_CONVERSION = YES;
				CLANG_WARN_CONSTANT_CONVERSION = YES;
				CLANG_WARN_DIRECT_OBJC_ISA_USAGE = YES_ERROR;
				CLANG_WARN_EMPTY_BODY = YES;
				CLANG_WARN_ENUM_CONVERSION = YES;
				CLANG_WARN_INT_CONVERSION = YES;
				CLANG_WARN_OBJC_ROOT_CLASS = YES_ERROR;
				CLANG_WARN__DUPLICATE_METHOD_MATCH = YES;
				"CODE_SIGN_IDENTITY[sdk=iphoneos*]" = "iPhone Developer";
				COPY_PHASE_STRIP = YES;
				ENABLE_NS_ASSERTIONS = NO;
				GCC_C_LANGUAGE_STANDARD = gnu99;
				GCC_WARN_64_TO_32_BIT_CONVERSION = YES;
				GCC_WARN_ABOUT_RETURN_TYPE = YES_ERROR;
				GCC_WARN_UNDECLARED_SELECTOR = YES;
				GCC_WARN_UNINITIALIZED_AUTOS = YES;
				GCC_WARN_UNUSED_FUNCTION = YES;
				GCC_WARN_UNUSED_VARIABLE = YES;
				IPHONEOS_DEPLOYMENT_TARGET = 7.0;
				SDKROOT = iphoneos;
				VALIDATE_PRODUCT = YES;
			};
			name = Release;
		};
		5E5DDF52185666D100F47581 /* Debug */ = {
			isa = XCBuildConfiguration;
			buildSettings = {
				ASSETCATALOG_COMPILER_APPICON_NAME = AppIcon;
				ASSETCATALOG_COMPILER_LAUNCHIMAGE_NAME = LaunchImage;
				GCC_PRECOMPILE_PREFIX_HEADER = YES;
				GCC_PREFIX_HEADER = "exampleApp(p1)/exampleApp(p1)-Prefix.pch";
				INFOPLIST_FILE = "exampleApp(p1)/exampleApp(p1)-Info.plist";
				LIBRARY_SEARCH_PATHS = (
					"$(inherited)",
					"/Users/gregorydebicki/Documents/C4\\ Stuff\\ (my\\ own\\ code)/exampleApp(p1)/exampleApp(p1)",
				);
				PRODUCT_NAME = "$(TARGET_NAME)";
				WRAPPER_EXTENSION = app;
			};
			name = Debug;
		};
		5E5DDF53185666D100F47581 /* Release */ = {
			isa = XCBuildConfiguration;
			buildSettings = {
				ASSETCATALOG_COMPILER_APPICON_NAME = AppIcon;
				ASSETCATALOG_COMPILER_LAUNCHIMAGE_NAME = LaunchImage;
				GCC_PRECOMPILE_PREFIX_HEADER = YES;
				GCC_PREFIX_HEADER = "exampleApp(p1)/exampleApp(p1)-Prefix.pch";
				INFOPLIST_FILE = "exampleApp(p1)/exampleApp(p1)-Info.plist";
				LIBRARY_SEARCH_PATHS = (
					"$(inherited)",
					"/Users/gregorydebicki/Documents/C4\\ Stuff\\ (my\\ own\\ code)/exampleApp(p1)/exampleApp(p1)",
				);
				PRODUCT_NAME = "$(TARGET_NAME)";
				WRAPPER_EXTENSION = app;
			};
			name = Release;
		};
		5E5DDF55185666D100F47581 /* Debug */ = {
			isa = XCBuildConfiguration;
			buildSettings = {
				ARCHS = "$(ARCHS_STANDARD_INCLUDING_64_BIT)";
				BUNDLE_LOADER = "$(BUILT_PRODUCTS_DIR)/exampleApp(p1).app/exampleApp(p1)";
				FRAMEWORK_SEARCH_PATHS = (
					"$(SDKROOT)/Developer/Library/Frameworks",
					"$(inherited)",
					"$(DEVELOPER_FRAMEWORKS_DIR)",
				);
				GCC_PRECOMPILE_PREFIX_HEADER = YES;
				GCC_PREFIX_HEADER = "exampleApp(p1)/exampleApp(p1)-Prefix.pch";
				GCC_PREPROCESSOR_DEFINITIONS = (
					"DEBUG=1",
					"$(inherited)",
				);
				INFOPLIST_FILE = "exampleApp(p1)Tests/exampleApp(p1)Tests-Info.plist";
				PRODUCT_NAME = "$(TARGET_NAME)";
				TEST_HOST = "$(BUNDLE_LOADER)";
				WRAPPER_EXTENSION = xctest;
			};
			name = Debug;
		};
		5E5DDF56185666D100F47581 /* Release */ = {
			isa = XCBuildConfiguration;
			buildSettings = {
				ARCHS = "$(ARCHS_STANDARD_INCLUDING_64_BIT)";
				BUNDLE_LOADER = "$(BUILT_PRODUCTS_DIR)/exampleApp(p1).app/exampleApp(p1)";
				FRAMEWORK_SEARCH_PATHS = (
					"$(SDKROOT)/Developer/Library/Frameworks",
					"$(inherited)",
					"$(DEVELOPER_FRAMEWORKS_DIR)",
				);
				GCC_PRECOMPILE_PREFIX_HEADER = YES;
				GCC_PREFIX_HEADER = "exampleApp(p1)/exampleApp(p1)-Prefix.pch";
				INFOPLIST_FILE = "exampleApp(p1)Tests/exampleApp(p1)Tests-Info.plist";
				PRODUCT_NAME = "$(TARGET_NAME)";
				TEST_HOST = "$(BUNDLE_LOADER)";
				WRAPPER_EXTENSION = xctest;
			};
			name = Release;
		};
/* End XCBuildConfiguration section */

/* Begin XCConfigurationList section */
		5E5DDED4185666CD00F47581 /* Build configuration list for PBXProject "exampleApp(p1)" */ = {
			isa = XCConfigurationList;
			buildConfigurations = (
				5E5DDF4F185666D100F47581 /* Debug */,
				5E5DDF50185666D100F47581 /* Release */,
			);
			defaultConfigurationIsVisible = 0;
			defaultConfigurationName = Release;
		};
		5E5DDF51185666D100F47581 /* Build configuration list for PBXNativeTarget "exampleApp(p1)" */ = {
			isa = XCConfigurationList;
			buildConfigurations = (
				5E5DDF52185666D100F47581 /* Debug */,
				5E5DDF53185666D100F47581 /* Release */,
			);
			defaultConfigurationIsVisible = 0;
			defaultConfigurationName = Release;
		};
		5E5DDF54185666D100F47581 /* Build configuration list for PBXNativeTarget "exampleApp(p1)Tests" */ = {
			isa = XCConfigurationList;
			buildConfigurations = (
				5E5DDF55185666D100F47581 /* Debug */,
				5E5DDF56185666D100F47581 /* Release */,
			);
			defaultConfigurationIsVisible = 0;
			defaultConfigurationName = Release;
		};
/* End XCConfigurationList section */
	};
	rootObject = 5E5DDED1185666CD00F47581 /* Project object */;
}
